
Microsoft Visual Studio Solution File, Format Version 12.00
# Visual Studio Version 16
VisualStudioVersion = 16.0.32106.194
MinimumVisualStudioVersion = 10.0.40219.1
Project("{FAE04EC0-301F-11D3-BF4B-00C04F79EFBC}") = "InfoJobs.Domain", "InfoJobs.Domain\InfoJobs.Domain.csproj", "{C927CCA3-7DF2-4920-BC2F-8D620521B049}"
EndProject
Project("{FAE04EC0-301F-11D3-BF4B-00C04F79EFBC}") = "InfoJobs.Shared", "InfoJobs.Shared\InfoJobs.Shared.csproj", "{6DD3AA7A-3272-406A-9735-BA5D75435FD4}"
EndProject
Project("{FAE04EC0-301F-11D3-BF4B-00C04F79EFBC}") = "InfoJobs.Tests", "InfoJobs.Tests\InfoJobs.Tests.csproj", "{734FC228-7005-4843-BBDC-489CF6943836}"
EndProject
Global
	GlobalSection(SolutionConfigurationPlatforms) = preSolution
		Debug|Any CPU = Debug|Any CPU
		Release|Any CPU = Release|Any CPU
	EndGlobalSection
	GlobalSection(ProjectConfigurationPlatforms) = postSolution
		{C927CCA3-7DF2-4920-BC2F-8D620521B049}.Debug|Any CPU.ActiveCfg = Debug|Any CPU
		{C927CCA3-7DF2-4920-BC2F-8D620521B049}.Debug|Any CPU.Build.0 = Debug|Any CPU
		{C927CCA3-7DF2-4920-BC2F-8D620521B049}.Release|Any CPU.ActiveCfg = Release|Any CPU
		{C927CCA3-7DF2-4920-BC2F-8D620521B049}.Release|Any CPU.Build.0 = Release|Any CPU
		{6DD3AA7A-3272-406A-9735-BA5D75435FD4}.Debug|Any CPU.ActiveCfg = Debug|Any CPU
		{6DD3AA7A-3272-406A-9735-BA5D75435FD4}.Debug|Any CPU.Build.0 = Debug|Any CPU
		{6DD3AA7A-3272-406A-9735-BA5D75435FD4}.Release|Any CPU.ActiveCfg = Release|Any CPU
		{6DD3AA7A-3272-406A-9735-BA5D75435FD4}.Release|Any CPU.Build.0 = Release|Any CPU
		{734FC228-7005-4843-BBDC-489CF6943836}.Debug|Any CPU.ActiveCfg = Debug|Any CPU
		{734FC228-7005-4843-BBDC-489CF6943836}.Debug|Any CPU.Build.0 = Debug|Any CPU
		{734FC228-7005-4843-BBDC-489CF6943836}.Release|Any CPU.ActiveCfg = Release|Any CPU
		{734FC228-7005-4843-BBDC-489CF6943836}.Release|Any CPU.Build.0 = Release|Any CPU
	EndGlobalSection
	GlobalSection(SolutionProperties) = preSolution
		HideSolutionNode = FALSE
	EndGlobalSection
	GlobalSection(ExtensibilityGlobals) = postSolution
		SolutionGuid = {E46AB74D-220D-4266-B433-6079B1F53461}
	EndGlobalSection
EndGlobal
